
Microsoft Visual Studio Solution File, Format Version 12.00
# Visual Studio Version 16
VisualStudioVersion = 16.0.31005.135
MinimumVisualStudioVersion = 10.0.40219.1
Project("{FAE04EC0-301F-11D3-BF4B-00C04F79EFBC}") = "Sistema Bancario", "Sistema Bancario\Sistema Bancario.csproj", "{551B79E9-712F-42CE-BC4F-CF54016A1469}"
EndProject
Global
	GlobalSection(SolutionConfigurationPlatforms) = preSolution
		Debug|Any CPU = Debug|Any CPU
		Release|Any CPU = Release|Any CPU
	EndGlobalSection
	GlobalSection(ProjectConfigurationPlatforms) = postSolution
		{551B79E9-712F-42CE-BC4F-CF54016A1469}.Debug|Any CPU.ActiveCfg = Debug|Any CPU
		{551B79E9-712F-42CE-BC4F-CF54016A1469}.Debug|Any CPU.Build.0 = Debug|Any CPU
		{551B79E9-712F-42CE-BC4F-CF54016A1469}.Release|Any CPU.ActiveCfg = Release|Any CPU
		{551B79E9-712F-42CE-BC4F-CF54016A1469}.Release|Any CPU.Build.0 = Release|Any CPU
	EndGlobalSection
	GlobalSection(SolutionProperties) = preSolution
		HideSolutionNode = FALSE
	EndGlobalSection
	GlobalSection(ExtensibilityGlobals) = postSolution
		SolutionGuid = {DBD00B2B-D83E-49C3-8600-BCABA13D429C}
	EndGlobalSection
EndGlobal
